
Microsoft Visual Studio Solution File, Format Version 12.00
# Visual Studio 2013
VisualStudioVersion = 12.0.31101.0
MinimumVisualStudioVersion = 10.0.40219.1
Project("{FAE04EC0-301F-11D3-BF4B-00C04F79EFBC}") = "Tornado14.ProjectExplorer.BusinessObjects", "Tornado14.ProjectExplorer.BusinessObjects\Tornado14.ProjectExplorer.BusinessObjects.csproj", "{6AC2D1DE-CDC5-46DE-8092-08D32ABC44BC}"
EndProject
Project("{FAE04EC0-301F-11D3-BF4B-00C04F79EFBC}") = "Tornado14.Utils", "Tornado14.Utils\Tornado14.Utils.csproj", "{9BBB2FE0-D6C6-4D9C-9DEF-FF92EF56FAAB}"
EndProject
Project("{FAE04EC0-301F-11D3-BF4B-00C04F79EFBC}") = "Tornado14.ProjectExplorer.Server", "Tornado14.ProjectExplorer.Server\Tornado14.ProjectExplorer.Server.csproj", "{3785BA72-7C42-478C-96CF-F641015CCAE2}"
EndProject
Project("{FAE04EC0-301F-11D3-BF4B-00C04F79EFBC}") = "Tornado14.TestConsoleSender", "Tornado14.TestConsoleSender\Tornado14.TestConsoleSender.csproj", "{DF82614B-0C7D-4317-A436-1FA13AD4D0E6}"
EndProject
Project("{FAE04EC0-301F-11D3-BF4B-00C04F79EFBC}") = "Tornado14.ConsoleMonitor", "Tornado14.ConsoleMonitor\Tornado14.ConsoleMonitor.csproj", "{6AB3E8C4-2A6F-45A0-9C54-A26566DAF875}"
EndProject
Project("{FAE04EC0-301F-11D3-BF4B-00C04F79EFBC}") = "Tornado14.ProjectExplorer.Data", "Tornado14.ProjectExplorer.Data\Tornado14.ProjectExplorer.Data.csproj", "{961CB995-1B70-4BDF-AE06-8D2AB4D32364}"
EndProject
Project("{FAE04EC0-301F-11D3-BF4B-00C04F79EFBC}") = "Tornado14.RealtimeWPFGrid", "Tornado14.RealtimeWPFGrid\Tornado14.RealtimeWPFGrid.csproj", "{9B1E78C7-1609-4A8F-AFC5-48E74EBEA51E}"
EndProject
Project("{FAE04EC0-301F-11D3-BF4B-00C04F79EFBC}") = "Tornado14.WPFControls", "Tornado14.WPFControls\Tornado14.WPFControls.csproj", "{B0789BB1-F4B6-402E-BA90-B67A86440010}"
EndProject
Project("{FAE04EC0-301F-11D3-BF4B-00C04F79EFBC}") = "Tornado14.ProjectExplorer.Collector", "Tornado14.ProjectExplorer.Collector\Tornado14.ProjectExplorer.Collector.csproj", "{F68DF18C-E361-459C-A154-1BFFEFD179D3}"
EndProject
Project("{FAE04EC0-301F-11D3-BF4B-00C04F79EFBC}") = "StickyWindowLibrary", "StickyWindowLibrary\StickyWindowLibrary.csproj", "{AF76FEA7-CD9D-4093-B617-BC9C44DE99C6}"
EndProject
Project("{FAE04EC0-301F-11D3-BF4B-00C04F79EFBC}") = "Tornado14.ProjectExplorer.Kanban", "Tornado14.ProjectExplorer.Kanban\Tornado14.ProjectExplorer.Kanban.csproj", "{699156DE-FAAC-4C63-8485-2994BC910E03}"
EndProject
Project("{FAE04EC0-301F-11D3-BF4B-00C04F79EFBC}") = "WebApplication", "WebApplication\WebApplication.csproj", "{B140DEB1-D09B-4C31-8EC0-19BECD898B39}"
EndProject
Project("{FAE04EC0-301F-11D3-BF4B-00C04F79EFBC}") = "Tornado14.Counter.Web", "Tornado14.Counter.Web\Tornado14.Counter.Web.csproj", "{08074C35-D02E-4C3E-9473-6A6F2BB65F05}"
EndProject
Project("{2150E333-8FDC-42A3-9474-1A3956D46DE8}") = "Tests", "Tests", "{0F9B1305-47F3-40E4-B2D1-25D48E9EE1E6}"
EndProject
Project("{2150E333-8FDC-42A3-9474-1A3956D46DE8}") = "Frontend", "Frontend", "{48EFE982-9260-4D56-B64F-8A722F4F41C4}"
EndProject
Project("{FAE04EC0-301F-11D3-BF4B-00C04F79EFBC}") = "MessageTree", "MessageTree\MessageTree.csproj", "{D0E71356-C084-44C9-A63F-64D8231B6F8F}"
EndProject
Project("{2150E333-8FDC-42A3-9474-1A3956D46DE8}") = "Backend", "Backend", "{D930812D-97A1-4D3D-8EF5-B8EE7FD9BE27}"
EndProject
Project("{2150E333-8FDC-42A3-9474-1A3956D46DE8}") = "ProjectExplorer", "ProjectExplorer", "{52222E69-3191-4951-95D0-F02BFBD91E37}"
EndProject
Project("{FAE04EC0-301F-11D3-BF4B-00C04F79EFBC}") = "App1", "App1\App1.csproj", "{EEE69F85-0843-4795-9124-820B674AB1B4}"
EndProject
Project("{2150E333-8FDC-42A3-9474-1A3956D46DE8}") = "HubApp1", "HubApp1", "{07988FBC-5936-456C-A677-35B077ED7491}"
EndProject
Project("{D954291E-2A0B-460D-934E-DC6B0785DB48}") = "HubApp1.Shared", "HubApp1\HubApp1.Shared\HubApp1.Shared.shproj", "{23CF8BE6-B5BD-411A-A0F8-2FF2C58E7A7A}"
EndProject
Project("{FAE04EC0-301F-11D3-BF4B-00C04F79EFBC}") = "HubApp1.Windows", "HubApp1\HubApp1.Windows\HubApp1.Windows.csproj", "{3A0BBD26-8C22-477C-BCD0-B38352877ADF}"
EndProject
Project("{FAE04EC0-301F-11D3-BF4B-00C04F79EFBC}") = "HubApp1.WindowsPhone", "HubApp1\HubApp1.WindowsPhone\HubApp1.WindowsPhone.csproj", "{2FB35A09-276E-4AA2-A845-01AAB0924214}"
EndProject
Global
	GlobalSection(SharedMSBuildProjectFiles) = preSolution
		HubApp1\HubApp1.Shared\HubApp1.Shared.projitems*{23cf8be6-b5bd-411a-a0f8-2ff2c58e7a7a}*SharedItemsImports = 13
		HubApp1\HubApp1.Shared\HubApp1.Shared.projitems*{3a0bbd26-8c22-477c-bcd0-b38352877adf}*SharedItemsImports = 4
		HubApp1\HubApp1.Shared\HubApp1.Shared.projitems*{2fb35a09-276e-4aa2-a845-01aab0924214}*SharedItemsImports = 4
	EndGlobalSection
	GlobalSection(SubversionScc) = preSolution
		Svn-Managed = True
		Manager = AnkhSVN - Subversion Support for Visual Studio
	EndGlobalSection
	GlobalSection(SolutionConfigurationPlatforms) = preSolution
		Debug|Any CPU = Debug|Any CPU
		Debug|ARM = Debug|ARM
		Debug|Mixed Platforms = Debug|Mixed Platforms
		Debug|Net35 = Debug|Net35
		Debug|Net40 = Debug|Net40
		Debug|WithNRefactory = Debug|WithNRefactory
		Debug|x64 = Debug|x64
		Debug|x86 = Debug|x86
		Release|Any CPU = Release|Any CPU
		Release|ARM = Release|ARM
		Release|Mixed Platforms = Release|Mixed Platforms
		Release|Net35 = Release|Net35
		Release|Net40 = Release|Net40
		Release|WithNRefactory = Release|WithNRefactory
		Release|x64 = Release|x64
		Release|x86 = Release|x86
	EndGlobalSection
	GlobalSection(ProjectConfigurationPlatforms) = postSolution
		{6AC2D1DE-CDC5-46DE-8092-08D32ABC44BC}.Debug|Any CPU.ActiveCfg = Debug|Any CPU
		{6AC2D1DE-CDC5-46DE-8092-08D32ABC44BC}.Debug|Any CPU.Build.0 = Debug|Any CPU
		{6AC2D1DE-CDC5-46DE-8092-08D32ABC44BC}.Debug|ARM.ActiveCfg = Debug|Any CPU
		{6AC2D1DE-CDC5-46DE-8092-08D32ABC44BC}.Debug|Mixed Platforms.ActiveCfg = Debug|Any CPU
		{6AC2D1DE-CDC5-46DE-8092-08D32ABC44BC}.Debug|Mixed Platforms.Build.0 = Debug|Any CPU
		{6AC2D1DE-CDC5-46DE-8092-08D32ABC44BC}.Debug|Net35.ActiveCfg = Debug|Any CPU
		{6AC2D1DE-CDC5-46DE-8092-08D32ABC44BC}.Debug|Net40.ActiveCfg = Debug|Any CPU
		{6AC2D1DE-CDC5-46DE-8092-08D32ABC44BC}.Debug|WithNRefactory.ActiveCfg = Debug|Any CPU
		{6AC2D1DE-CDC5-46DE-8092-08D32ABC44BC}.Debug|x64.ActiveCfg = Debug|Any CPU
		{6AC2D1DE-CDC5-46DE-8092-08D32ABC44BC}.Debug|x86.ActiveCfg = Debug|Any CPU
		{6AC2D1DE-CDC5-46DE-8092-08D32ABC44BC}.Release|Any CPU.ActiveCfg = Release|Any CPU
		{6AC2D1DE-CDC5-46DE-8092-08D32ABC44BC}.Release|Any CPU.Build.0 = Release|Any CPU
		{6AC2D1DE-CDC5-46DE-8092-08D32ABC44BC}.Release|ARM.ActiveCfg = Release|Any CPU
		{6AC2D1DE-CDC5-46DE-8092-08D32ABC44BC}.Release|Mixed Platforms.ActiveCfg = Release|Any CPU
		{6AC2D1DE-CDC5-46DE-8092-08D32ABC44BC}.Release|Mixed Platforms.Build.0 = Release|Any CPU
		{6AC2D1DE-CDC5-46DE-8092-08D32ABC44BC}.Release|Net35.ActiveCfg = Release|Any CPU
		{6AC2D1DE-CDC5-46DE-8092-08D32ABC44BC}.Release|Net40.ActiveCfg = Release|Any CPU
		{6AC2D1DE-CDC5-46DE-8092-08D32ABC44BC}.Release|WithNRefactory.ActiveCfg = Release|Any CPU
		{6AC2D1DE-CDC5-46DE-8092-08D32ABC44BC}.Release|x64.ActiveCfg = Release|Any CPU
		{6AC2D1DE-CDC5-46DE-8092-08D32ABC44BC}.Release|x86.ActiveCfg = Release|Any CPU
		{9BBB2FE0-D6C6-4D9C-9DEF-FF92EF56FAAB}.Debug|Any CPU.ActiveCfg = Debug|Any CPU
		{9BBB2FE0-D6C6-4D9C-9DEF-FF92EF56FAAB}.Debug|Any CPU.Build.0 = Debug|Any CPU
		{9BBB2FE0-D6C6-4D9C-9DEF-FF92EF56FAAB}.Debug|ARM.ActiveCfg = Debug|Any CPU
		{9BBB2FE0-D6C6-4D9C-9DEF-FF92EF56FAAB}.Debug|Mixed Platforms.ActiveCfg = Debug|Any CPU
		{9BBB2FE0-D6C6-4D9C-9DEF-FF92EF56FAAB}.Debug|Mixed Platforms.Build.0 = Debug|Any CPU
		{9BBB2FE0-D6C6-4D9C-9DEF-FF92EF56FAAB}.Debug|Net35.ActiveCfg = Debug|Any CPU
		{9BBB2FE0-D6C6-4D9C-9DEF-FF92EF56FAAB}.Debug|Net40.ActiveCfg = Debug|Any CPU
		{9BBB2FE0-D6C6-4D9C-9DEF-FF92EF56FAAB}.Debug|WithNRefactory.ActiveCfg = Debug|Any CPU
		{9BBB2FE0-D6C6-4D9C-9DEF-FF92EF56FAAB}.Debug|x64.ActiveCfg = Debug|Any CPU
		{9BBB2FE0-D6C6-4D9C-9DEF-FF92EF56FAAB}.Debug|x86.ActiveCfg = Debug|Any CPU
		{9BBB2FE0-D6C6-4D9C-9DEF-FF92EF56FAAB}.Release|Any CPU.ActiveCfg = Release|Any CPU
		{9BBB2FE0-D6C6-4D9C-9DEF-FF92EF56FAAB}.Release|Any CPU.Build.0 = Release|Any CPU
		{9BBB2FE0-D6C6-4D9C-9DEF-FF92EF56FAAB}.Release|ARM.ActiveCfg = Release|Any CPU
		{9BBB2FE0-D6C6-4D9C-9DEF-FF92EF56FAAB}.Release|Mixed Platforms.ActiveCfg = Release|Any CPU
		{9BBB2FE0-D6C6-4D9C-9DEF-FF92EF56FAAB}.Release|Mixed Platforms.Build.0 = Release|Any CPU
		{9BBB2FE0-D6C6-4D9C-9DEF-FF92EF56FAAB}.Release|Net35.ActiveCfg = Release|Any CPU
		{9BBB2FE0-D6C6-4D9C-9DEF-FF92EF56FAAB}.Release|Net40.ActiveCfg = Release|Any CPU
		{9BBB2FE0-D6C6-4D9C-9DEF-FF92EF56FAAB}.Release|WithNRefactory.ActiveCfg = Release|Any CPU
		{9BBB2FE0-D6C6-4D9C-9DEF-FF92EF56FAAB}.Release|x64.ActiveCfg = Release|Any CPU
		{9BBB2FE0-D6C6-4D9C-9DEF-FF92EF56FAAB}.Release|x86.ActiveCfg = Release|Any CPU
		{3785BA72-7C42-478C-96CF-F641015CCAE2}.Debug|Any CPU.ActiveCfg = Debug|Any CPU
		{3785BA72-7C42-478C-96CF-F641015CCAE2}.Debug|Any CPU.Build.0 = Debug|Any CPU
		{3785BA72-7C42-478C-96CF-F641015CCAE2}.Debug|ARM.ActiveCfg = Debug|Any CPU
		{3785BA72-7C42-478C-96CF-F641015CCAE2}.Debug|Mixed Platforms.ActiveCfg = Debug|Any CPU
		{3785BA72-7C42-478C-96CF-F641015CCAE2}.Debug|Mixed Platforms.Build.0 = Debug|Any CPU
		{3785BA72-7C42-478C-96CF-F641015CCAE2}.Debug|Net35.ActiveCfg = Debug|Any CPU
		{3785BA72-7C42-478C-96CF-F641015CCAE2}.Debug|Net40.ActiveCfg = Debug|Any CPU
		{3785BA72-7C42-478C-96CF-F641015CCAE2}.Debug|WithNRefactory.ActiveCfg = Debug|Any CPU
		{3785BA72-7C42-478C-96CF-F641015CCAE2}.Debug|x64.ActiveCfg = Debug|Any CPU
		{3785BA72-7C42-478C-96CF-F641015CCAE2}.Debug|x86.ActiveCfg = Debug|Any CPU
		{3785BA72-7C42-478C-96CF-F641015CCAE2}.Release|Any CPU.ActiveCfg = Release|Any CPU
		{3785BA72-7C42-478C-96CF-F641015CCAE2}.Release|Any CPU.Build.0 = Release|Any CPU
		{3785BA72-7C42-478C-96CF-F641015CCAE2}.Release|ARM.ActiveCfg = Release|Any CPU
		{3785BA72-7C42-478C-96CF-F641015CCAE2}.Release|Mixed Platforms.ActiveCfg = Release|Any CPU
		{3785BA72-7C42-478C-96CF-F641015CCAE2}.Release|Mixed Platforms.Build.0 = Release|Any CPU
		{3785BA72-7C42-478C-96CF-F641015CCAE2}.Release|Net35.ActiveCfg = Release|Any CPU
		{3785BA72-7C42-478C-96CF-F641015CCAE2}.Release|Net40.ActiveCfg = Release|Any CPU
		{3785BA72-7C42-478C-96CF-F641015CCAE2}.Release|WithNRefactory.ActiveCfg = Release|Any CPU
		{3785BA72-7C42-478C-96CF-F641015CCAE2}.Release|x64.ActiveCfg = Release|Any CPU
		{3785BA72-7C42-478C-96CF-F641015CCAE2}.Release|x86.ActiveCfg = Release|Any CPU
		{DF82614B-0C7D-4317-A436-1FA13AD4D0E6}.Debug|Any CPU.ActiveCfg = Debug|Any CPU
		{DF82614B-0C7D-4317-A436-1FA13AD4D0E6}.Debug|Any CPU.Build.0 = Debug|Any CPU
		{DF82614B-0C7D-4317-A436-1FA13AD4D0E6}.Debug|ARM.ActiveCfg = Debug|Any CPU
		{DF82614B-0C7D-4317-A436-1FA13AD4D0E6}.Debug|Mixed Platforms.ActiveCfg = Debug|Any CPU
		{DF82614B-0C7D-4317-A436-1FA13AD4D0E6}.Debug|Mixed Platforms.Build.0 = Debug|Any CPU
		{DF82614B-0C7D-4317-A436-1FA13AD4D0E6}.Debug|Net35.ActiveCfg = Debug|Any CPU
		{DF82614B-0C7D-4317-A436-1FA13AD4D0E6}.Debug|Net40.ActiveCfg = Debug|Any CPU
		{DF82614B-0C7D-4317-A436-1FA13AD4D0E6}.Debug|WithNRefactory.ActiveCfg = Debug|Any CPU
		{DF82614B-0C7D-4317-A436-1FA13AD4D0E6}.Debug|x64.ActiveCfg = Debug|Any CPU
		{DF82614B-0C7D-4317-A436-1FA13AD4D0E6}.Debug|x86.ActiveCfg = Debug|Any CPU
		{DF82614B-0C7D-4317-A436-1FA13AD4D0E6}.Release|Any CPU.ActiveCfg = Release|Any CPU
		{DF82614B-0C7D-4317-A436-1FA13AD4D0E6}.Release|Any CPU.Build.0 = Release|Any CPU
		{DF82614B-0C7D-4317-A436-1FA13AD4D0E6}.Release|ARM.ActiveCfg = Release|Any CPU
		{DF82614B-0C7D-4317-A436-1FA13AD4D0E6}.Release|Mixed Platforms.ActiveCfg = Release|Any CPU
		{DF82614B-0C7D-4317-A436-1FA13AD4D0E6}.Release|Mixed Platforms.Build.0 = Release|Any CPU
		{DF82614B-0C7D-4317-A436-1FA13AD4D0E6}.Release|Net35.ActiveCfg = Release|Any CPU
		{DF82614B-0C7D-4317-A436-1FA13AD4D0E6}.Release|Net40.ActiveCfg = Release|Any CPU
		{DF82614B-0C7D-4317-A436-1FA13AD4D0E6}.Release|WithNRefactory.ActiveCfg = Release|Any CPU
		{DF82614B-0C7D-4317-A436-1FA13AD4D0E6}.Release|x64.ActiveCfg = Release|Any CPU
		{DF82614B-0C7D-4317-A436-1FA13AD4D0E6}.Release|x86.ActiveCfg = Release|Any CPU
		{6AB3E8C4-2A6F-45A0-9C54-A26566DAF875}.Debug|Any CPU.ActiveCfg = Debug|Any CPU
		{6AB3E8C4-2A6F-45A0-9C54-A26566DAF875}.Debug|Any CPU.Build.0 = Debug|Any CPU
		{6AB3E8C4-2A6F-45A0-9C54-A26566DAF875}.Debug|ARM.ActiveCfg = Debug|Any CPU
		{6AB3E8C4-2A6F-45A0-9C54-A26566DAF875}.Debug|Mixed Platforms.ActiveCfg = Debug|Any CPU
		{6AB3E8C4-2A6F-45A0-9C54-A26566DAF875}.Debug|Mixed Platforms.Build.0 = Debug|Any CPU
		{6AB3E8C4-2A6F-45A0-9C54-A26566DAF875}.Debug|Net35.ActiveCfg = Debug|Any CPU
		{6AB3E8C4-2A6F-45A0-9C54-A26566DAF875}.Debug|Net40.ActiveCfg = Debug|Any CPU
		{6AB3E8C4-2A6F-45A0-9C54-A26566DAF875}.Debug|WithNRefactory.ActiveCfg = Debug|Any CPU
		{6AB3E8C4-2A6F-45A0-9C54-A26566DAF875}.Debug|x64.ActiveCfg = Debug|Any CPU
		{6AB3E8C4-2A6F-45A0-9C54-A26566DAF875}.Debug|x86.ActiveCfg = Debug|Any CPU
		{6AB3E8C4-2A6F-45A0-9C54-A26566DAF875}.Release|Any CPU.ActiveCfg = Release|Any CPU
		{6AB3E8C4-2A6F-45A0-9C54-A26566DAF875}.Release|Any CPU.Build.0 = Release|Any CPU
		{6AB3E8C4-2A6F-45A0-9C54-A26566DAF875}.Release|ARM.ActiveCfg = Release|Any CPU
		{6AB3E8C4-2A6F-45A0-9C54-A26566DAF875}.Release|Mixed Platforms.ActiveCfg = Release|Any CPU
		{6AB3E8C4-2A6F-45A0-9C54-A26566DAF875}.Release|Mixed Platforms.Build.0 = Release|Any CPU
		{6AB3E8C4-2A6F-45A0-9C54-A26566DAF875}.Release|Net35.ActiveCfg = Release|Any CPU
		{6AB3E8C4-2A6F-45A0-9C54-A26566DAF875}.Release|Net40.ActiveCfg = Release|Any CPU
		{6AB3E8C4-2A6F-45A0-9C54-A26566DAF875}.Release|WithNRefactory.ActiveCfg = Release|Any CPU
		{6AB3E8C4-2A6F-45A0-9C54-A26566DAF875}.Release|x64.ActiveCfg = Release|Any CPU
		{6AB3E8C4-2A6F-45A0-9C54-A26566DAF875}.Release|x86.ActiveCfg = Release|Any CPU
		{961CB995-1B70-4BDF-AE06-8D2AB4D32364}.Debug|Any CPU.ActiveCfg = Debug|Any CPU
		{961CB995-1B70-4BDF-AE06-8D2AB4D32364}.Debug|Any CPU.Build.0 = Debug|Any CPU
		{961CB995-1B70-4BDF-AE06-8D2AB4D32364}.Debug|ARM.ActiveCfg = Debug|Any CPU
		{961CB995-1B70-4BDF-AE06-8D2AB4D32364}.Debug|Mixed Platforms.ActiveCfg = Debug|Any CPU
		{961CB995-1B70-4BDF-AE06-8D2AB4D32364}.Debug|Mixed Platforms.Build.0 = Debug|Any CPU
		{961CB995-1B70-4BDF-AE06-8D2AB4D32364}.Debug|Net35.ActiveCfg = Debug|Any CPU
		{961CB995-1B70-4BDF-AE06-8D2AB4D32364}.Debug|Net40.ActiveCfg = Debug|Any CPU
		{961CB995-1B70-4BDF-AE06-8D2AB4D32364}.Debug|WithNRefactory.ActiveCfg = Debug|Any CPU
		{961CB995-1B70-4BDF-AE06-8D2AB4D32364}.Debug|x64.ActiveCfg = Debug|Any CPU
		{961CB995-1B70-4BDF-AE06-8D2AB4D32364}.Debug|x86.ActiveCfg = Debug|Any CPU
		{961CB995-1B70-4BDF-AE06-8D2AB4D32364}.Release|Any CPU.ActiveCfg = Release|Any CPU
		{961CB995-1B70-4BDF-AE06-8D2AB4D32364}.Release|Any CPU.Build.0 = Release|Any CPU
		{961CB995-1B70-4BDF-AE06-8D2AB4D32364}.Release|ARM.ActiveCfg = Release|Any CPU
		{961CB995-1B70-4BDF-AE06-8D2AB4D32364}.Release|Mixed Platforms.ActiveCfg = Release|Any CPU
		{961CB995-1B70-4BDF-AE06-8D2AB4D32364}.Release|Mixed Platforms.Build.0 = Release|Any CPU
		{961CB995-1B70-4BDF-AE06-8D2AB4D32364}.Release|Net35.ActiveCfg = Release|Any CPU
		{961CB995-1B70-4BDF-AE06-8D2AB4D32364}.Release|Net40.ActiveCfg = Release|Any CPU
		{961CB995-1B70-4BDF-AE06-8D2AB4D32364}.Release|WithNRefactory.ActiveCfg = Release|Any CPU
		{961CB995-1B70-4BDF-AE06-8D2AB4D32364}.Release|x64.ActiveCfg = Release|Any CPU
		{961CB995-1B70-4BDF-AE06-8D2AB4D32364}.Release|x86.ActiveCfg = Release|Any CPU
		{9B1E78C7-1609-4A8F-AFC5-48E74EBEA51E}.Debug|Any CPU.ActiveCfg = Debug|Any CPU
		{9B1E78C7-1609-4A8F-AFC5-48E74EBEA51E}.Debug|Any CPU.Build.0 = Debug|Any CPU
		{9B1E78C7-1609-4A8F-AFC5-48E74EBEA51E}.Debug|ARM.ActiveCfg = Debug|Any CPU
		{9B1E78C7-1609-4A8F-AFC5-48E74EBEA51E}.Debug|Mixed Platforms.ActiveCfg = Debug|Any CPU
		{9B1E78C7-1609-4A8F-AFC5-48E74EBEA51E}.Debug|Mixed Platforms.Build.0 = Debug|Any CPU
		{9B1E78C7-1609-4A8F-AFC5-48E74EBEA51E}.Debug|Net35.ActiveCfg = Debug|Any CPU
		{9B1E78C7-1609-4A8F-AFC5-48E74EBEA51E}.Debug|Net40.ActiveCfg = Debug|Any CPU
		{9B1E78C7-1609-4A8F-AFC5-48E74EBEA51E}.Debug|WithNRefactory.ActiveCfg = Debug|Any CPU
		{9B1E78C7-1609-4A8F-AFC5-48E74EBEA51E}.Debug|x64.ActiveCfg = Debug|Any CPU
		{9B1E78C7-1609-4A8F-AFC5-48E74EBEA51E}.Debug|x86.ActiveCfg = Debug|Any CPU
		{9B1E78C7-1609-4A8F-AFC5-48E74EBEA51E}.Release|Any CPU.ActiveCfg = Release|Any CPU
		{9B1E78C7-1609-4A8F-AFC5-48E74EBEA51E}.Release|Any CPU.Build.0 = Release|Any CPU
		{9B1E78C7-1609-4A8F-AFC5-48E74EBEA51E}.Release|ARM.ActiveCfg = Release|Any CPU
		{9B1E78C7-1609-4A8F-AFC5-48E74EBEA51E}.Release|Mixed Platforms.ActiveCfg = Release|Any CPU
		{9B1E78C7-1609-4A8F-AFC5-48E74EBEA51E}.Release|Mixed Platforms.Build.0 = Release|Any CPU
		{9B1E78C7-1609-4A8F-AFC5-48E74EBEA51E}.Release|Net35.ActiveCfg = Release|Any CPU
		{9B1E78C7-1609-4A8F-AFC5-48E74EBEA51E}.Release|Net40.ActiveCfg = Release|Any CPU
		{9B1E78C7-1609-4A8F-AFC5-48E74EBEA51E}.Release|WithNRefactory.ActiveCfg = Release|Any CPU
		{9B1E78C7-1609-4A8F-AFC5-48E74EBEA51E}.Release|x64.ActiveCfg = Release|Any CPU
		{9B1E78C7-1609-4A8F-AFC5-48E74EBEA51E}.Release|x86.ActiveCfg = Release|Any CPU
		{B0789BB1-F4B6-402E-BA90-B67A86440010}.Debug|Any CPU.ActiveCfg = Debug|Any CPU
		{B0789BB1-F4B6-402E-BA90-B67A86440010}.Debug|Any CPU.Build.0 = Debug|Any CPU
		{B0789BB1-F4B6-402E-BA90-B67A86440010}.Debug|ARM.ActiveCfg = Debug|Any CPU
		{B0789BB1-F4B6-402E-BA90-B67A86440010}.Debug|Mixed Platforms.ActiveCfg = Debug|Any CPU
		{B0789BB1-F4B6-402E-BA90-B67A86440010}.Debug|Mixed Platforms.Build.0 = Debug|Any CPU
		{B0789BB1-F4B6-402E-BA90-B67A86440010}.Debug|Net35.ActiveCfg = Debug|Any CPU
		{B0789BB1-F4B6-402E-BA90-B67A86440010}.Debug|Net40.ActiveCfg = Debug|Any CPU
		{B0789BB1-F4B6-402E-BA90-B67A86440010}.Debug|WithNRefactory.ActiveCfg = Debug|Any CPU
		{B0789BB1-F4B6-402E-BA90-B67A86440010}.Debug|x64.ActiveCfg = Debug|Any CPU
		{B0789BB1-F4B6-402E-BA90-B67A86440010}.Debug|x86.ActiveCfg = Debug|Any CPU
		{B0789BB1-F4B6-402E-BA90-B67A86440010}.Release|Any CPU.ActiveCfg = Release|Any CPU
		{B0789BB1-F4B6-402E-BA90-B67A86440010}.Release|Any CPU.Build.0 = Release|Any CPU
		{B0789BB1-F4B6-402E-BA90-B67A86440010}.Release|ARM.ActiveCfg = Release|Any CPU
		{B0789BB1-F4B6-402E-BA90-B67A86440010}.Release|Mixed Platforms.ActiveCfg = Release|Any CPU
		{B0789BB1-F4B6-402E-BA90-B67A86440010}.Release|Mixed Platforms.Build.0 = Release|Any CPU
		{B0789BB1-F4B6-402E-BA90-B67A86440010}.Release|Net35.ActiveCfg = Release|Any CPU
		{B0789BB1-F4B6-402E-BA90-B67A86440010}.Release|Net40.ActiveCfg = Release|Any CPU
		{B0789BB1-F4B6-402E-BA90-B67A86440010}.Release|WithNRefactory.ActiveCfg = Release|Any CPU
		{B0789BB1-F4B6-402E-BA90-B67A86440010}.Release|x64.ActiveCfg = Release|Any CPU
		{B0789BB1-F4B6-402E-BA90-B67A86440010}.Release|x86.ActiveCfg = Release|Any CPU
		{F68DF18C-E361-459C-A154-1BFFEFD179D3}.Debug|Any CPU.ActiveCfg = Debug|Any CPU
		{F68DF18C-E361-459C-A154-1BFFEFD179D3}.Debug|Any CPU.Build.0 = Debug|Any CPU
		{F68DF18C-E361-459C-A154-1BFFEFD179D3}.Debug|ARM.ActiveCfg = Debug|Any CPU
		{F68DF18C-E361-459C-A154-1BFFEFD179D3}.Debug|Mixed Platforms.ActiveCfg = Debug|Any CPU
		{F68DF18C-E361-459C-A154-1BFFEFD179D3}.Debug|Mixed Platforms.Build.0 = Debug|Any CPU
		{F68DF18C-E361-459C-A154-1BFFEFD179D3}.Debug|Net35.ActiveCfg = Debug|Any CPU
		{F68DF18C-E361-459C-A154-1BFFEFD179D3}.Debug|Net40.ActiveCfg = Debug|Any CPU
		{F68DF18C-E361-459C-A154-1BFFEFD179D3}.Debug|WithNRefactory.ActiveCfg = Debug|Any CPU
		{F68DF18C-E361-459C-A154-1BFFEFD179D3}.Debug|x64.ActiveCfg = Debug|Any CPU
		{F68DF18C-E361-459C-A154-1BFFEFD179D3}.Debug|x86.ActiveCfg = Debug|Any CPU
		{F68DF18C-E361-459C-A154-1BFFEFD179D3}.Release|Any CPU.ActiveCfg = Release|Any CPU
		{F68DF18C-E361-459C-A154-1BFFEFD179D3}.Release|Any CPU.Build.0 = Release|Any CPU
		{F68DF18C-E361-459C-A154-1BFFEFD179D3}.Release|ARM.ActiveCfg = Release|Any CPU
		{F68DF18C-E361-459C-A154-1BFFEFD179D3}.Release|Mixed Platforms.ActiveCfg = Release|Any CPU
		{F68DF18C-E361-459C-A154-1BFFEFD179D3}.Release|Mixed Platforms.Build.0 = Release|Any CPU
		{F68DF18C-E361-459C-A154-1BFFEFD179D3}.Release|Net35.ActiveCfg = Release|Any CPU
		{F68DF18C-E361-459C-A154-1BFFEFD179D3}.Release|Net40.ActiveCfg = Release|Any CPU
		{F68DF18C-E361-459C-A154-1BFFEFD179D3}.Release|WithNRefactory.ActiveCfg = Release|Any CPU
		{F68DF18C-E361-459C-A154-1BFFEFD179D3}.Release|x64.ActiveCfg = Release|Any CPU
		{F68DF18C-E361-459C-A154-1BFFEFD179D3}.Release|x86.ActiveCfg = Release|Any CPU
		{AF76FEA7-CD9D-4093-B617-BC9C44DE99C6}.Debug|Any CPU.ActiveCfg = Debug|Any CPU
		{AF76FEA7-CD9D-4093-B617-BC9C44DE99C6}.Debug|Any CPU.Build.0 = Debug|Any CPU
		{AF76FEA7-CD9D-4093-B617-BC9C44DE99C6}.Debug|ARM.ActiveCfg = Debug|Any CPU
		{AF76FEA7-CD9D-4093-B617-BC9C44DE99C6}.Debug|Mixed Platforms.ActiveCfg = Debug|Any CPU
		{AF76FEA7-CD9D-4093-B617-BC9C44DE99C6}.Debug|Mixed Platforms.Build.0 = Debug|Any CPU
		{AF76FEA7-CD9D-4093-B617-BC9C44DE99C6}.Debug|Net35.ActiveCfg = Debug|Any CPU
		{AF76FEA7-CD9D-4093-B617-BC9C44DE99C6}.Debug|Net40.ActiveCfg = Debug|Any CPU
		{AF76FEA7-CD9D-4093-B617-BC9C44DE99C6}.Debug|WithNRefactory.ActiveCfg = Debug|Any CPU
		{AF76FEA7-CD9D-4093-B617-BC9C44DE99C6}.Debug|x64.ActiveCfg = Debug|Any CPU
		{AF76FEA7-CD9D-4093-B617-BC9C44DE99C6}.Debug|x86.ActiveCfg = Debug|Any CPU
		{AF76FEA7-CD9D-4093-B617-BC9C44DE99C6}.Release|Any CPU.ActiveCfg = Release|Any CPU
		{AF76FEA7-CD9D-4093-B617-BC9C44DE99C6}.Release|Any CPU.Build.0 = Release|Any CPU
		{AF76FEA7-CD9D-4093-B617-BC9C44DE99C6}.Release|ARM.ActiveCfg = Release|Any CPU
		{AF76FEA7-CD9D-4093-B617-BC9C44DE99C6}.Release|Mixed Platforms.ActiveCfg = Release|Any CPU
		{AF76FEA7-CD9D-4093-B617-BC9C44DE99C6}.Release|Mixed Platforms.Build.0 = Release|Any CPU
		{AF76FEA7-CD9D-4093-B617-BC9C44DE99C6}.Release|Net35.ActiveCfg = Release|Any CPU
		{AF76FEA7-CD9D-4093-B617-BC9C44DE99C6}.Release|Net40.ActiveCfg = Release|Any CPU
		{AF76FEA7-CD9D-4093-B617-BC9C44DE99C6}.Release|WithNRefactory.ActiveCfg = Release|Any CPU
		{AF76FEA7-CD9D-4093-B617-BC9C44DE99C6}.Release|x64.ActiveCfg = Release|Any CPU
		{AF76FEA7-CD9D-4093-B617-BC9C44DE99C6}.Release|x86.ActiveCfg = Release|Any CPU
		{699156DE-FAAC-4C63-8485-2994BC910E03}.Debug|Any CPU.ActiveCfg = Debug|Any CPU
		{699156DE-FAAC-4C63-8485-2994BC910E03}.Debug|Any CPU.Build.0 = Debug|Any CPU
		{699156DE-FAAC-4C63-8485-2994BC910E03}.Debug|ARM.ActiveCfg = Debug|Any CPU
		{699156DE-FAAC-4C63-8485-2994BC910E03}.Debug|Mixed Platforms.ActiveCfg = Debug|Any CPU
		{699156DE-FAAC-4C63-8485-2994BC910E03}.Debug|Mixed Platforms.Build.0 = Debug|Any CPU
		{699156DE-FAAC-4C63-8485-2994BC910E03}.Debug|Net35.ActiveCfg = Debug|Any CPU
		{699156DE-FAAC-4C63-8485-2994BC910E03}.Debug|Net40.ActiveCfg = Debug|Any CPU
		{699156DE-FAAC-4C63-8485-2994BC910E03}.Debug|WithNRefactory.ActiveCfg = Debug|Any CPU
		{699156DE-FAAC-4C63-8485-2994BC910E03}.Debug|x64.ActiveCfg = Debug|Any CPU
		{699156DE-FAAC-4C63-8485-2994BC910E03}.Debug|x86.ActiveCfg = Debug|Any CPU
		{699156DE-FAAC-4C63-8485-2994BC910E03}.Release|Any CPU.ActiveCfg = Release|Any CPU
		{699156DE-FAAC-4C63-8485-2994BC910E03}.Release|Any CPU.Build.0 = Release|Any CPU
		{699156DE-FAAC-4C63-8485-2994BC910E03}.Release|ARM.ActiveCfg = Release|Any CPU
		{699156DE-FAAC-4C63-8485-2994BC910E03}.Release|Mixed Platforms.ActiveCfg = Release|Any CPU
		{699156DE-FAAC-4C63-8485-2994BC910E03}.Release|Mixed Platforms.Build.0 = Release|Any CPU
		{699156DE-FAAC-4C63-8485-2994BC910E03}.Release|Net35.ActiveCfg = Release|Any CPU
		{699156DE-FAAC-4C63-8485-2994BC910E03}.Release|Net40.ActiveCfg = Release|Any CPU
		{699156DE-FAAC-4C63-8485-2994BC910E03}.Release|WithNRefactory.ActiveCfg = Release|Any CPU
		{699156DE-FAAC-4C63-8485-2994BC910E03}.Release|x64.ActiveCfg = Release|Any CPU
		{699156DE-FAAC-4C63-8485-2994BC910E03}.Release|x86.ActiveCfg = Release|Any CPU
		{B140DEB1-D09B-4C31-8EC0-19BECD898B39}.Debug|Any CPU.ActiveCfg = Debug|Any CPU
		{B140DEB1-D09B-4C31-8EC0-19BECD898B39}.Debug|Any CPU.Build.0 = Debug|Any CPU
		{B140DEB1-D09B-4C31-8EC0-19BECD898B39}.Debug|ARM.ActiveCfg = Debug|Any CPU
		{B140DEB1-D09B-4C31-8EC0-19BECD898B39}.Debug|Mixed Platforms.ActiveCfg = Debug|Any CPU
		{B140DEB1-D09B-4C31-8EC0-19BECD898B39}.Debug|Mixed Platforms.Build.0 = Debug|Any CPU
		{B140DEB1-D09B-4C31-8EC0-19BECD898B39}.Debug|Net35.ActiveCfg = Debug|Any CPU
		{B140DEB1-D09B-4C31-8EC0-19BECD898B39}.Debug|Net40.ActiveCfg = Debug|Any CPU
		{B140DEB1-D09B-4C31-8EC0-19BECD898B39}.Debug|WithNRefactory.ActiveCfg = Debug|Any CPU
		{B140DEB1-D09B-4C31-8EC0-19BECD898B39}.Debug|x64.ActiveCfg = Debug|Any CPU
		{B140DEB1-D09B-4C31-8EC0-19BECD898B39}.Debug|x86.ActiveCfg = Debug|Any CPU
		{B140DEB1-D09B-4C31-8EC0-19BECD898B39}.Release|Any CPU.ActiveCfg = Release|Any CPU
		{B140DEB1-D09B-4C31-8EC0-19BECD898B39}.Release|Any CPU.Build.0 = Release|Any CPU
		{B140DEB1-D09B-4C31-8EC0-19BECD898B39}.Release|ARM.ActiveCfg = Release|Any CPU
		{B140DEB1-D09B-4C31-8EC0-19BECD898B39}.Release|Mixed Platforms.ActiveCfg = Release|Any CPU
		{B140DEB1-D09B-4C31-8EC0-19BECD898B39}.Release|Mixed Platforms.Build.0 = Release|Any CPU
		{B140DEB1-D09B-4C31-8EC0-19BECD898B39}.Release|Net35.ActiveCfg = Release|Any CPU
		{B140DEB1-D09B-4C31-8EC0-19BECD898B39}.Release|Net40.ActiveCfg = Release|Any CPU
		{B140DEB1-D09B-4C31-8EC0-19BECD898B39}.Release|WithNRefactory.ActiveCfg = Release|Any CPU
		{B140DEB1-D09B-4C31-8EC0-19BECD898B39}.Release|x64.ActiveCfg = Release|Any CPU
		{B140DEB1-D09B-4C31-8EC0-19BECD898B39}.Release|x86.ActiveCfg = Release|Any CPU
		{08074C35-D02E-4C3E-9473-6A6F2BB65F05}.Debug|Any CPU.ActiveCfg = Debug|Any CPU
		{08074C35-D02E-4C3E-9473-6A6F2BB65F05}.Debug|Any CPU.Build.0 = Debug|Any CPU
		{08074C35-D02E-4C3E-9473-6A6F2BB65F05}.Debug|ARM.ActiveCfg = Debug|Any CPU
		{08074C35-D02E-4C3E-9473-6A6F2BB65F05}.Debug|Mixed Platforms.ActiveCfg = Debug|Any CPU
		{08074C35-D02E-4C3E-9473-6A6F2BB65F05}.Debug|Mixed Platforms.Build.0 = Debug|Any CPU
		{08074C35-D02E-4C3E-9473-6A6F2BB65F05}.Debug|Net35.ActiveCfg = Debug|Any CPU
		{08074C35-D02E-4C3E-9473-6A6F2BB65F05}.Debug|Net35.Build.0 = Debug|Any CPU
		{08074C35-D02E-4C3E-9473-6A6F2BB65F05}.Debug|Net40.ActiveCfg = Debug|Any CPU
		{08074C35-D02E-4C3E-9473-6A6F2BB65F05}.Debug|Net40.Build.0 = Debug|Any CPU
		{08074C35-D02E-4C3E-9473-6A6F2BB65F05}.Debug|WithNRefactory.ActiveCfg = Debug|Any CPU
		{08074C35-D02E-4C3E-9473-6A6F2BB65F05}.Debug|WithNRefactory.Build.0 = Debug|Any CPU
		{08074C35-D02E-4C3E-9473-6A6F2BB65F05}.Debug|x64.ActiveCfg = Debug|Any CPU
		{08074C35-D02E-4C3E-9473-6A6F2BB65F05}.Debug|x86.ActiveCfg = Debug|Any CPU
		{08074C35-D02E-4C3E-9473-6A6F2BB65F05}.Release|Any CPU.ActiveCfg = Release|Any CPU
		{08074C35-D02E-4C3E-9473-6A6F2BB65F05}.Release|Any CPU.Build.0 = Release|Any CPU
		{08074C35-D02E-4C3E-9473-6A6F2BB65F05}.Release|ARM.ActiveCfg = Release|Any CPU
		{08074C35-D02E-4C3E-9473-6A6F2BB65F05}.Release|Mixed Platforms.ActiveCfg = Release|Any CPU
		{08074C35-D02E-4C3E-9473-6A6F2BB65F05}.Release|Mixed Platforms.Build.0 = Release|Any CPU
		{08074C35-D02E-4C3E-9473-6A6F2BB65F05}.Release|Net35.ActiveCfg = Release|Any CPU
		{08074C35-D02E-4C3E-9473-6A6F2BB65F05}.Release|Net35.Build.0 = Release|Any CPU
		{08074C35-D02E-4C3E-9473-6A6F2BB65F05}.Release|Net40.ActiveCfg = Release|Any CPU
		{08074C35-D02E-4C3E-9473-6A6F2BB65F05}.Release|Net40.Build.0 = Release|Any CPU
		{08074C35-D02E-4C3E-9473-6A6F2BB65F05}.Release|WithNRefactory.ActiveCfg = Release|Any CPU
		{08074C35-D02E-4C3E-9473-6A6F2BB65F05}.Release|WithNRefactory.Build.0 = Release|Any CPU
		{08074C35-D02E-4C3E-9473-6A6F2BB65F05}.Release|x64.ActiveCfg = Release|Any CPU
		{08074C35-D02E-4C3E-9473-6A6F2BB65F05}.Release|x86.ActiveCfg = Release|Any CPU
		{D0E71356-C084-44C9-A63F-64D8231B6F8F}.Debug|Any CPU.ActiveCfg = Debug|Any CPU
		{D0E71356-C084-44C9-A63F-64D8231B6F8F}.Debug|Any CPU.Build.0 = Debug|Any CPU
		{D0E71356-C084-44C9-A63F-64D8231B6F8F}.Debug|ARM.ActiveCfg = Debug|Any CPU
		{D0E71356-C084-44C9-A63F-64D8231B6F8F}.Debug|Mixed Platforms.ActiveCfg = Debug|Any CPU
		{D0E71356-C084-44C9-A63F-64D8231B6F8F}.Debug|Mixed Platforms.Build.0 = Debug|Any CPU
		{D0E71356-C084-44C9-A63F-64D8231B6F8F}.Debug|Net35.ActiveCfg = Debug|Any CPU
		{D0E71356-C084-44C9-A63F-64D8231B6F8F}.Debug|Net40.ActiveCfg = Debug|Any CPU
		{D0E71356-C084-44C9-A63F-64D8231B6F8F}.Debug|WithNRefactory.ActiveCfg = Debug|Any CPU
		{D0E71356-C084-44C9-A63F-64D8231B6F8F}.Debug|x64.ActiveCfg = Debug|Any CPU
		{D0E71356-C084-44C9-A63F-64D8231B6F8F}.Debug|x86.ActiveCfg = Debug|Any CPU
		{D0E71356-C084-44C9-A63F-64D8231B6F8F}.Release|Any CPU.ActiveCfg = Release|Any CPU
		{D0E71356-C084-44C9-A63F-64D8231B6F8F}.Release|Any CPU.Build.0 = Release|Any CPU
		{D0E71356-C084-44C9-A63F-64D8231B6F8F}.Release|ARM.ActiveCfg = Release|Any CPU
		{D0E71356-C084-44C9-A63F-64D8231B6F8F}.Release|Mixed Platforms.ActiveCfg = Release|Any CPU
		{D0E71356-C084-44C9-A63F-64D8231B6F8F}.Release|Mixed Platforms.Build.0 = Release|Any CPU
		{D0E71356-C084-44C9-A63F-64D8231B6F8F}.Release|Net35.ActiveCfg = Release|Any CPU
		{D0E71356-C084-44C9-A63F-64D8231B6F8F}.Release|Net40.ActiveCfg = Release|Any CPU
		{D0E71356-C084-44C9-A63F-64D8231B6F8F}.Release|WithNRefactory.ActiveCfg = Release|Any CPU
		{D0E71356-C084-44C9-A63F-64D8231B6F8F}.Release|x64.ActiveCfg = Release|Any CPU
		{D0E71356-C084-44C9-A63F-64D8231B6F8F}.Release|x86.ActiveCfg = Release|Any CPU
		{EEE69F85-0843-4795-9124-820B674AB1B4}.Debug|Any CPU.ActiveCfg = Debug|Any CPU
		{EEE69F85-0843-4795-9124-820B674AB1B4}.Debug|Any CPU.Build.0 = Debug|Any CPU
		{EEE69F85-0843-4795-9124-820B674AB1B4}.Debug|Any CPU.Deploy.0 = Debug|Any CPU
		{EEE69F85-0843-4795-9124-820B674AB1B4}.Debug|ARM.ActiveCfg = Debug|ARM
		{EEE69F85-0843-4795-9124-820B674AB1B4}.Debug|ARM.Build.0 = Debug|ARM
		{EEE69F85-0843-4795-9124-820B674AB1B4}.Debug|ARM.Deploy.0 = Debug|ARM
		{EEE69F85-0843-4795-9124-820B674AB1B4}.Debug|Mixed Platforms.ActiveCfg = Debug|x86
		{EEE69F85-0843-4795-9124-820B674AB1B4}.Debug|Mixed Platforms.Build.0 = Debug|x86
		{EEE69F85-0843-4795-9124-820B674AB1B4}.Debug|Mixed Platforms.Deploy.0 = Debug|x86
		{EEE69F85-0843-4795-9124-820B674AB1B4}.Debug|Net35.ActiveCfg = Debug|Any CPU
		{EEE69F85-0843-4795-9124-820B674AB1B4}.Debug|Net40.ActiveCfg = Debug|Any CPU
		{EEE69F85-0843-4795-9124-820B674AB1B4}.Debug|WithNRefactory.ActiveCfg = Debug|Any CPU
		{EEE69F85-0843-4795-9124-820B674AB1B4}.Debug|x64.ActiveCfg = Debug|x64
		{EEE69F85-0843-4795-9124-820B674AB1B4}.Debug|x64.Build.0 = Debug|x64
		{EEE69F85-0843-4795-9124-820B674AB1B4}.Debug|x64.Deploy.0 = Debug|x64
		{EEE69F85-0843-4795-9124-820B674AB1B4}.Debug|x86.ActiveCfg = Debug|x86
		{EEE69F85-0843-4795-9124-820B674AB1B4}.Debug|x86.Build.0 = Debug|x86
		{EEE69F85-0843-4795-9124-820B674AB1B4}.Debug|x86.Deploy.0 = Debug|x86
		{EEE69F85-0843-4795-9124-820B674AB1B4}.Release|Any CPU.ActiveCfg = Release|Any CPU
		{EEE69F85-0843-4795-9124-820B674AB1B4}.Release|Any CPU.Build.0 = Release|Any CPU
		{EEE69F85-0843-4795-9124-820B674AB1B4}.Release|Any CPU.Deploy.0 = Release|Any CPU
		{EEE69F85-0843-4795-9124-820B674AB1B4}.Release|ARM.ActiveCfg = Release|ARM
		{EEE69F85-0843-4795-9124-820B674AB1B4}.Release|ARM.Build.0 = Release|ARM
		{EEE69F85-0843-4795-9124-820B674AB1B4}.Release|ARM.Deploy.0 = Release|ARM
		{EEE69F85-0843-4795-9124-820B674AB1B4}.Release|Mixed Platforms.ActiveCfg = Release|x86
		{EEE69F85-0843-4795-9124-820B674AB1B4}.Release|Mixed Platforms.Build.0 = Release|x86
		{EEE69F85-0843-4795-9124-820B674AB1B4}.Release|Mixed Platforms.Deploy.0 = Release|x86
		{EEE69F85-0843-4795-9124-820B674AB1B4}.Release|Net35.ActiveCfg = Release|Any CPU
		{EEE69F85-0843-4795-9124-820B674AB1B4}.Release|Net40.ActiveCfg = Release|Any CPU
		{EEE69F85-0843-4795-9124-820B674AB1B4}.Release|WithNRefactory.ActiveCfg = Release|Any CPU
		{EEE69F85-0843-4795-9124-820B674AB1B4}.Release|x64.ActiveCfg = Release|x64
		{EEE69F85-0843-4795-9124-820B674AB1B4}.Release|x64.Build.0 = Release|x64
		{EEE69F85-0843-4795-9124-820B674AB1B4}.Release|x64.Deploy.0 = Release|x64
		{EEE69F85-0843-4795-9124-820B674AB1B4}.Release|x86.ActiveCfg = Release|x86
		{EEE69F85-0843-4795-9124-820B674AB1B4}.Release|x86.Build.0 = Release|x86
		{EEE69F85-0843-4795-9124-820B674AB1B4}.Release|x86.Deploy.0 = Release|x86
		{3A0BBD26-8C22-477C-BCD0-B38352877ADF}.Debug|Any CPU.ActiveCfg = Debug|Any CPU
		{3A0BBD26-8C22-477C-BCD0-B38352877ADF}.Debug|Any CPU.Build.0 = Debug|Any CPU
		{3A0BBD26-8C22-477C-BCD0-B38352877ADF}.Debug|Any CPU.Deploy.0 = Debug|Any CPU
		{3A0BBD26-8C22-477C-BCD0-B38352877ADF}.Debug|ARM.ActiveCfg = Debug|ARM
		{3A0BBD26-8C22-477C-BCD0-B38352877ADF}.Debug|ARM.Build.0 = Debug|ARM
		{3A0BBD26-8C22-477C-BCD0-B38352877ADF}.Debug|ARM.Deploy.0 = Debug|ARM
		{3A0BBD26-8C22-477C-BCD0-B38352877ADF}.Debug|Mixed Platforms.ActiveCfg = Debug|x86
		{3A0BBD26-8C22-477C-BCD0-B38352877ADF}.Debug|Mixed Platforms.Build.0 = Debug|x86
		{3A0BBD26-8C22-477C-BCD0-B38352877ADF}.Debug|Mixed Platforms.Deploy.0 = Debug|x86
		{3A0BBD26-8C22-477C-BCD0-B38352877ADF}.Debug|Net35.ActiveCfg = Debug|Any CPU
		{3A0BBD26-8C22-477C-BCD0-B38352877ADF}.Debug|Net40.ActiveCfg = Debug|Any CPU
		{3A0BBD26-8C22-477C-BCD0-B38352877ADF}.Debug|WithNRefactory.ActiveCfg = Debug|Any CPU
		{3A0BBD26-8C22-477C-BCD0-B38352877ADF}.Debug|x64.ActiveCfg = Debug|x64
		{3A0BBD26-8C22-477C-BCD0-B38352877ADF}.Debug|x64.Build.0 = Debug|x64
		{3A0BBD26-8C22-477C-BCD0-B38352877ADF}.Debug|x64.Deploy.0 = Debug|x64
		{3A0BBD26-8C22-477C-BCD0-B38352877ADF}.Debug|x86.ActiveCfg = Debug|x86
		{3A0BBD26-8C22-477C-BCD0-B38352877ADF}.Debug|x86.Build.0 = Debug|x86
		{3A0BBD26-8C22-477C-BCD0-B38352877ADF}.Debug|x86.Deploy.0 = Debug|x86
		{3A0BBD26-8C22-477C-BCD0-B38352877ADF}.Release|Any CPU.ActiveCfg = Release|Any CPU
		{3A0BBD26-8C22-477C-BCD0-B38352877ADF}.Release|Any CPU.Build.0 = Release|Any CPU
		{3A0BBD26-8C22-477C-BCD0-B38352877ADF}.Release|Any CPU.Deploy.0 = Release|Any CPU
		{3A0BBD26-8C22-477C-BCD0-B38352877ADF}.Release|ARM.ActiveCfg = Release|ARM
		{3A0BBD26-8C22-477C-BCD0-B38352877ADF}.Release|ARM.Build.0 = Release|ARM
		{3A0BBD26-8C22-477C-BCD0-B38352877ADF}.Release|ARM.Deploy.0 = Release|ARM
		{3A0BBD26-8C22-477C-BCD0-B38352877ADF}.Release|Mixed Platforms.ActiveCfg = Release|x86
		{3A0BBD26-8C22-477C-BCD0-B38352877ADF}.Release|Mixed Platforms.Build.0 = Release|x86
		{3A0BBD26-8C22-477C-BCD0-B38352877ADF}.Release|Mixed Platforms.Deploy.0 = Release|x86
		{3A0BBD26-8C22-477C-BCD0-B38352877ADF}.Release|Net35.ActiveCfg = Release|Any CPU
		{3A0BBD26-8C22-477C-BCD0-B38352877ADF}.Release|Net40.ActiveCfg = Release|Any CPU
		{3A0BBD26-8C22-477C-BCD0-B38352877ADF}.Release|WithNRefactory.ActiveCfg = Release|Any CPU
		{3A0BBD26-8C22-477C-BCD0-B38352877ADF}.Release|x64.ActiveCfg = Release|x64
		{3A0BBD26-8C22-477C-BCD0-B38352877ADF}.Release|x64.Build.0 = Release|x64
		{3A0BBD26-8C22-477C-BCD0-B38352877ADF}.Release|x64.Deploy.0 = Release|x64
		{3A0BBD26-8C22-477C-BCD0-B38352877ADF}.Release|x86.ActiveCfg = Release|x86
		{3A0BBD26-8C22-477C-BCD0-B38352877ADF}.Release|x86.Build.0 = Release|x86
		{3A0BBD26-8C22-477C-BCD0-B38352877ADF}.Release|x86.Deploy.0 = Release|x86
		{2FB35A09-276E-4AA2-A845-01AAB0924214}.Debug|Any CPU.ActiveCfg = Debug|Any CPU
		{2FB35A09-276E-4AA2-A845-01AAB0924214}.Debug|Any CPU.Build.0 = Debug|Any CPU
		{2FB35A09-276E-4AA2-A845-01AAB0924214}.Debug|Any CPU.Deploy.0 = Debug|Any CPU
		{2FB35A09-276E-4AA2-A845-01AAB0924214}.Debug|ARM.ActiveCfg = Debug|ARM
		{2FB35A09-276E-4AA2-A845-01AAB0924214}.Debug|ARM.Build.0 = Debug|ARM
		{2FB35A09-276E-4AA2-A845-01AAB0924214}.Debug|ARM.Deploy.0 = Debug|ARM
		{2FB35A09-276E-4AA2-A845-01AAB0924214}.Debug|Mixed Platforms.ActiveCfg = Debug|x86
		{2FB35A09-276E-4AA2-A845-01AAB0924214}.Debug|Mixed Platforms.Build.0 = Debug|x86
		{2FB35A09-276E-4AA2-A845-01AAB0924214}.Debug|Mixed Platforms.Deploy.0 = Debug|x86
		{2FB35A09-276E-4AA2-A845-01AAB0924214}.Debug|Net35.ActiveCfg = Debug|Any CPU
		{2FB35A09-276E-4AA2-A845-01AAB0924214}.Debug|Net40.ActiveCfg = Debug|Any CPU
		{2FB35A09-276E-4AA2-A845-01AAB0924214}.Debug|WithNRefactory.ActiveCfg = Debug|Any CPU
		{2FB35A09-276E-4AA2-A845-01AAB0924214}.Debug|x64.ActiveCfg = Debug|Any CPU
		{2FB35A09-276E-4AA2-A845-01AAB0924214}.Debug|x86.ActiveCfg = Debug|x86
		{2FB35A09-276E-4AA2-A845-01AAB0924214}.Debug|x86.Build.0 = Debug|x86
		{2FB35A09-276E-4AA2-A845-01AAB0924214}.Debug|x86.Deploy.0 = Debug|x86
		{2FB35A09-276E-4AA2-A845-01AAB0924214}.Release|Any CPU.ActiveCfg = Release|Any CPU
		{2FB35A09-276E-4AA2-A845-01AAB0924214}.Release|Any CPU.Build.0 = Release|Any CPU
		{2FB35A09-276E-4AA2-A845-01AAB0924214}.Release|Any CPU.Deploy.0 = Release|Any CPU
		{2FB35A09-276E-4AA2-A845-01AAB0924214}.Release|ARM.ActiveCfg = Release|ARM
		{2FB35A09-276E-4AA2-A845-01AAB0924214}.Release|ARM.Build.0 = Release|ARM
		{2FB35A09-276E-4AA2-A845-01AAB0924214}.Release|ARM.Deploy.0 = Release|ARM
		{2FB35A09-276E-4AA2-A845-01AAB0924214}.Release|Mixed Platforms.ActiveCfg = Release|x86
		{2FB35A09-276E-4AA2-A845-01AAB0924214}.Release|Mixed Platforms.Build.0 = Release|x86
		{2FB35A09-276E-4AA2-A845-01AAB0924214}.Release|Mixed Platforms.Deploy.0 = Release|x86
		{2FB35A09-276E-4AA2-A845-01AAB0924214}.Release|Net35.ActiveCfg = Release|Any CPU
		{2FB35A09-276E-4AA2-A845-01AAB0924214}.Release|Net40.ActiveCfg = Release|Any CPU
		{2FB35A09-276E-4AA2-A845-01AAB0924214}.Release|WithNRefactory.ActiveCfg = Release|Any CPU
		{2FB35A09-276E-4AA2-A845-01AAB0924214}.Release|x64.ActiveCfg = Release|Any CPU
		{2FB35A09-276E-4AA2-A845-01AAB0924214}.Release|x86.ActiveCfg = Release|x86
		{2FB35A09-276E-4AA2-A845-01AAB0924214}.Release|x86.Build.0 = Release|x86
		{2FB35A09-276E-4AA2-A845-01AAB0924214}.Release|x86.Deploy.0 = Release|x86
	EndGlobalSection
	GlobalSection(SolutionProperties) = preSolution
		HideSolutionNode = FALSE
	EndGlobalSection
	GlobalSection(NestedProjects) = preSolution
		{6AC2D1DE-CDC5-46DE-8092-08D32ABC44BC} = {52222E69-3191-4951-95D0-F02BFBD91E37}
		{9BBB2FE0-D6C6-4D9C-9DEF-FF92EF56FAAB} = {D930812D-97A1-4D3D-8EF5-B8EE7FD9BE27}
		{3785BA72-7C42-478C-96CF-F641015CCAE2} = {52222E69-3191-4951-95D0-F02BFBD91E37}
		{DF82614B-0C7D-4317-A436-1FA13AD4D0E6} = {0F9B1305-47F3-40E4-B2D1-25D48E9EE1E6}
		{6AB3E8C4-2A6F-45A0-9C54-A26566DAF875} = {D930812D-97A1-4D3D-8EF5-B8EE7FD9BE27}
		{961CB995-1B70-4BDF-AE06-8D2AB4D32364} = {D930812D-97A1-4D3D-8EF5-B8EE7FD9BE27}
		{9B1E78C7-1609-4A8F-AFC5-48E74EBEA51E} = {D930812D-97A1-4D3D-8EF5-B8EE7FD9BE27}
		{B0789BB1-F4B6-402E-BA90-B67A86440010} = {D930812D-97A1-4D3D-8EF5-B8EE7FD9BE27}
		{F68DF18C-E361-459C-A154-1BFFEFD179D3} = {52222E69-3191-4951-95D0-F02BFBD91E37}
		{AF76FEA7-CD9D-4093-B617-BC9C44DE99C6} = {52222E69-3191-4951-95D0-F02BFBD91E37}
		{699156DE-FAAC-4C63-8485-2994BC910E03} = {0F9B1305-47F3-40E4-B2D1-25D48E9EE1E6}
		{B140DEB1-D09B-4C31-8EC0-19BECD898B39} = {0F9B1305-47F3-40E4-B2D1-25D48E9EE1E6}
		{08074C35-D02E-4C3E-9473-6A6F2BB65F05} = {0F9B1305-47F3-40E4-B2D1-25D48E9EE1E6}
		{D0E71356-C084-44C9-A63F-64D8231B6F8F} = {48EFE982-9260-4D56-B64F-8A722F4F41C4}
		{EEE69F85-0843-4795-9124-820B674AB1B4} = {0F9B1305-47F3-40E4-B2D1-25D48E9EE1E6}
		{07988FBC-5936-456C-A677-35B077ED7491} = {0F9B1305-47F3-40E4-B2D1-25D48E9EE1E6}
		{23CF8BE6-B5BD-411A-A0F8-2FF2C58E7A7A} = {07988FBC-5936-456C-A677-35B077ED7491}
		{3A0BBD26-8C22-477C-BCD0-B38352877ADF} = {07988FBC-5936-456C-A677-35B077ED7491}
		{2FB35A09-276E-4AA2-A845-01AAB0924214} = {07988FBC-5936-456C-A677-35B077ED7491}
	EndGlobalSection
EndGlobal
